
Microsoft Visual Studio Solution File, Format Version 12.00
# Visual Studio Version 17
VisualStudioVersion = 17.7.34018.315
MinimumVisualStudioVersion = 10.0.40219.1
Project("{9A19103F-16F7-4668-BE54-9A1E7A4F7556}") = "NetflixApi", "NetflixApi\NetflixApi.csproj", "{07BC191A-6904-4C32-9C14-71CF5F1BE177}"
EndProject
Global
	GlobalSection(SolutionConfigurationPlatforms) = preSolution
		Debug|Any CPU = Debug|Any CPU
		Release|Any CPU = Release|Any CPU
	EndGlobalSection
	GlobalSection(ProjectConfigurationPlatforms) = postSolution
		{07BC191A-6904-4C32-9C14-71CF5F1BE177}.Debug|Any CPU.ActiveCfg = Debug|Any CPU
		{07BC191A-6904-4C32-9C14-71CF5F1BE177}.Debug|Any CPU.Build.0 = Debug|Any CPU
		{07BC191A-6904-4C32-9C14-71CF5F1BE177}.Release|Any CPU.ActiveCfg = Release|Any CPU
		{07BC191A-6904-4C32-9C14-71CF5F1BE177}.Release|Any CPU.Build.0 = Release|Any CPU
	EndGlobalSection
	GlobalSection(SolutionProperties) = preSolution
		HideSolutionNode = FALSE
	EndGlobalSection
	GlobalSection(ExtensibilityGlobals) = postSolution
		SolutionGuid = {AE80A1CC-3951-4E65-BB1B-8398A753538D}
	EndGlobalSection
EndGlobal
